
Microsoft Visual Studio Solution File, Format Version 12.00
# Visual Studio Version 16
VisualStudioVersion = 16.0.32228.343
MinimumVisualStudioVersion = 10.0.40219.1
Project("{FAE04EC0-301F-11D3-BF4B-00C04F79EFBC}") = "MoodAnalyser", "MoodAnalyser\MoodAnalyser.csproj", "{084F60A5-C53B-4BF6-956E-A0963E065063}"
EndProject
Global
	GlobalSection(SolutionConfigurationPlatforms) = preSolution
		Debug|Any CPU = Debug|Any CPU
		Release|Any CPU = Release|Any CPU
	EndGlobalSection
	GlobalSection(ProjectConfigurationPlatforms) = postSolution
		{084F60A5-C53B-4BF6-956E-A0963E065063}.Debug|Any CPU.ActiveCfg = Debug|Any CPU
		{084F60A5-C53B-4BF6-956E-A0963E065063}.Debug|Any CPU.Build.0 = Debug|Any CPU
		{084F60A5-C53B-4BF6-956E-A0963E065063}.Release|Any CPU.ActiveCfg = Release|Any CPU
		{084F60A5-C53B-4BF6-956E-A0963E065063}.Release|Any CPU.Build.0 = Release|Any CPU
	EndGlobalSection
	GlobalSection(SolutionProperties) = preSolution
		HideSolutionNode = FALSE
	EndGlobalSection
	GlobalSection(ExtensibilityGlobals) = postSolution
		SolutionGuid = {971E1B61-C533-4644-997D-A661B129D1B4}
	EndGlobalSection
EndGlobal
